
Microsoft Visual Studio Solution File, Format Version 12.00
# Visual Studio 14
VisualStudioVersion = 14.0.25420.1
MinimumVisualStudioVersion = 10.0.40219.1
Project("{FAE04EC0-301F-11D3-BF4B-00C04F79EFBC}") = "WcfAndroidCallback.Service.Interface", "WcfAndroidCallback.Service.Interface\WcfAndroidCallback.Service.Interface.csproj", "{F739A38B-C610-4271-81B7-88389B2DACED}"
EndProject
Project("{FAE04EC0-301F-11D3-BF4B-00C04F79EFBC}") = "WcfAndroidCallback.Service", "WcfAndroidCallback.Service\WcfAndroidCallback.Service.csproj", "{F2F491B6-F8AD-45C6-B3C8-E4289B2B4ADE}"
EndProject
Project("{FAE04EC0-301F-11D3-BF4B-00C04F79EFBC}") = "WcfAndroidCallback.Host", "WcfAndroidCallback.Host\WcfAndroidCallback.Host.csproj", "{9399D8DE-26FE-4C71-9E4E-281FFE81A09F}"
EndProject
Project("{FAE04EC0-301F-11D3-BF4B-00C04F79EFBC}") = "WcfAndroidCallback.Client", "WcfAndroidCallback.Client\WcfAndroidCallback.Client.csproj", "{C97692E1-EE26-4CFB-8011-84E60DB6E358}"
EndProject
Global
	GlobalSection(SolutionConfigurationPlatforms) = preSolution
		Debug|Any CPU = Debug|Any CPU
		Release|Any CPU = Release|Any CPU
	EndGlobalSection
	GlobalSection(ProjectConfigurationPlatforms) = postSolution
		{F739A38B-C610-4271-81B7-88389B2DACED}.Debug|Any CPU.ActiveCfg = Debug|Any CPU
		{F739A38B-C610-4271-81B7-88389B2DACED}.Debug|Any CPU.Build.0 = Debug|Any CPU
		{F739A38B-C610-4271-81B7-88389B2DACED}.Release|Any CPU.ActiveCfg = Release|Any CPU
		{F739A38B-C610-4271-81B7-88389B2DACED}.Release|Any CPU.Build.0 = Release|Any CPU
		{F2F491B6-F8AD-45C6-B3C8-E4289B2B4ADE}.Debug|Any CPU.ActiveCfg = Debug|Any CPU
		{F2F491B6-F8AD-45C6-B3C8-E4289B2B4ADE}.Debug|Any CPU.Build.0 = Debug|Any CPU
		{F2F491B6-F8AD-45C6-B3C8-E4289B2B4ADE}.Release|Any CPU.ActiveCfg = Release|Any CPU
		{F2F491B6-F8AD-45C6-B3C8-E4289B2B4ADE}.Release|Any CPU.Build.0 = Release|Any CPU
		{9399D8DE-26FE-4C71-9E4E-281FFE81A09F}.Debug|Any CPU.ActiveCfg = Debug|Any CPU
		{9399D8DE-26FE-4C71-9E4E-281FFE81A09F}.Debug|Any CPU.Build.0 = Debug|Any CPU
		{9399D8DE-26FE-4C71-9E4E-281FFE81A09F}.Release|Any CPU.ActiveCfg = Release|Any CPU
		{9399D8DE-26FE-4C71-9E4E-281FFE81A09F}.Release|Any CPU.Build.0 = Release|Any CPU
		{C97692E1-EE26-4CFB-8011-84E60DB6E358}.Debug|Any CPU.ActiveCfg = Debug|Any CPU
		{C97692E1-EE26-4CFB-8011-84E60DB6E358}.Debug|Any CPU.Build.0 = Debug|Any CPU
		{C97692E1-EE26-4CFB-8011-84E60DB6E358}.Release|Any CPU.ActiveCfg = Release|Any CPU
		{C97692E1-EE26-4CFB-8011-84E60DB6E358}.Release|Any CPU.Build.0 = Release|Any CPU
	EndGlobalSection
	GlobalSection(SolutionProperties) = preSolution
		HideSolutionNode = FALSE
	EndGlobalSection
EndGlobal
